
Microsoft Visual Studio Solution File, Format Version 12.00
# Visual Studio Version 17
VisualStudioVersion = 17.6.33513.286
MinimumVisualStudioVersion = 10.0.40219.1
Project("{FAE04EC0-301F-11D3-BF4B-00C04F79EFBC}") = "CCodeAI", "CCodeAI\CCodeAI.csproj", "{193E2186-736C-4B54-838F-0516EFB4E20E}"
EndProject
Project("{9A19103F-16F7-4668-BE54-9A1E7A4F7556}") = "CCodeAI.QuickActions", "CCodeAI.QuickActions\CCodeAI.QuickActions\CCodeAI.QuickActions.csproj", "{7E9AF2B5-4B76-490A-9D2F-A78A6B8E427D}"
EndProject
Project("{9A19103F-16F7-4668-BE54-9A1E7A4F7556}") = "CCodeAI.QuickActions.CodeFixes", "CCodeAI.QuickActions\CCodeAI.QuickActions.CodeFixes\CCodeAI.QuickActions.CodeFixes.csproj", "{124212B4-0A67-4591-997C-515653AED1C3}"
EndProject
Project("{9A19103F-16F7-4668-BE54-9A1E7A4F7556}") = "CCodeAI.QuickActions.Package", "CCodeAI.QuickActions\CCodeAI.QuickActions.Package\CCodeAI.QuickActions.Package.csproj", "{EC0AC985-29E5-4E63-9C4C-772505A0FDC2}"
EndProject
Project("{9A19103F-16F7-4668-BE54-9A1E7A4F7556}") = "CCodeAI.QuickActions.Test", "CCodeAI.QuickActions\CCodeAI.QuickActions.Test\CCodeAI.QuickActions.Test.csproj", "{52EB4E80-DC22-4B36-884D-E2202D0239C8}"
EndProject
Project("{2150E333-8FDC-42A3-9474-1A3956D46DE8}") = "QuickActions", "QuickActions", "{09761E11-112F-4C2F-A333-90A9E53AD94F}"
EndProject
Project("{9A19103F-16F7-4668-BE54-9A1E7A4F7556}") = "MdXaml", "MdXaml\MdXaml.csproj", "{24D58C1E-C256-470F-BB9C-5E2A809E4A0D}"
EndProject
Project("{2150E333-8FDC-42A3-9474-1A3956D46DE8}") = "Tests", "Tests", "{776091DA-451C-414E-AFCC-D026D9D39AC8}"
EndProject
Project("{FAE04EC0-301F-11D3-BF4B-00C04F79EFBC}") = "MdXaml.Test", "MdXaml.Test\MdXaml.Test.csproj", "{745DDED8-A1DA-46A2-AD28-5223A1265F5E}"
EndProject
Global
	GlobalSection(SolutionConfigurationPlatforms) = preSolution
		Debug|Any CPU = Debug|Any CPU
		Debug|arm64 = Debug|arm64
		Debug|x86 = Debug|x86
		Release|Any CPU = Release|Any CPU
		Release|arm64 = Release|arm64
		Release|x86 = Release|x86
	EndGlobalSection
	GlobalSection(ProjectConfigurationPlatforms) = postSolution
		{193E2186-736C-4B54-838F-0516EFB4E20E}.Debug|Any CPU.ActiveCfg = Debug|Any CPU
		{193E2186-736C-4B54-838F-0516EFB4E20E}.Debug|Any CPU.Build.0 = Debug|Any CPU
		{193E2186-736C-4B54-838F-0516EFB4E20E}.Debug|arm64.ActiveCfg = Debug|arm64
		{193E2186-736C-4B54-838F-0516EFB4E20E}.Debug|arm64.Build.0 = Debug|arm64
		{193E2186-736C-4B54-838F-0516EFB4E20E}.Debug|x86.ActiveCfg = Debug|x86
		{193E2186-736C-4B54-838F-0516EFB4E20E}.Debug|x86.Build.0 = Debug|x86
		{193E2186-736C-4B54-838F-0516EFB4E20E}.Release|Any CPU.ActiveCfg = Release|Any CPU
		{193E2186-736C-4B54-838F-0516EFB4E20E}.Release|Any CPU.Build.0 = Release|Any CPU
		{193E2186-736C-4B54-838F-0516EFB4E20E}.Release|arm64.ActiveCfg = Release|arm64
		{193E2186-736C-4B54-838F-0516EFB4E20E}.Release|arm64.Build.0 = Release|arm64
		{193E2186-736C-4B54-838F-0516EFB4E20E}.Release|x86.ActiveCfg = Release|x86
		{193E2186-736C-4B54-838F-0516EFB4E20E}.Release|x86.Build.0 = Release|x86
		{7E9AF2B5-4B76-490A-9D2F-A78A6B8E427D}.Debug|Any CPU.ActiveCfg = Debug|Any CPU
		{7E9AF2B5-4B76-490A-9D2F-A78A6B8E427D}.Debug|Any CPU.Build.0 = Debug|Any CPU
		{7E9AF2B5-4B76-490A-9D2F-A78A6B8E427D}.Debug|arm64.ActiveCfg = Debug|Any CPU
		{7E9AF2B5-4B76-490A-9D2F-A78A6B8E427D}.Debug|arm64.Build.0 = Debug|Any CPU
		{7E9AF2B5-4B76-490A-9D2F-A78A6B8E427D}.Debug|x86.ActiveCfg = Debug|Any CPU
		{7E9AF2B5-4B76-490A-9D2F-A78A6B8E427D}.Debug|x86.Build.0 = Debug|Any CPU
		{7E9AF2B5-4B76-490A-9D2F-A78A6B8E427D}.Release|Any CPU.ActiveCfg = Release|Any CPU
		{7E9AF2B5-4B76-490A-9D2F-A78A6B8E427D}.Release|Any CPU.Build.0 = Release|Any CPU
		{7E9AF2B5-4B76-490A-9D2F-A78A6B8E427D}.Release|arm64.ActiveCfg = Release|Any CPU
		{7E9AF2B5-4B76-490A-9D2F-A78A6B8E427D}.Release|arm64.Build.0 = Release|Any CPU
		{7E9AF2B5-4B76-490A-9D2F-A78A6B8E427D}.Release|x86.ActiveCfg = Release|Any CPU
		{7E9AF2B5-4B76-490A-9D2F-A78A6B8E427D}.Release|x86.Build.0 = Release|Any CPU
		{124212B4-0A67-4591-997C-515653AED1C3}.Debug|Any CPU.ActiveCfg = Debug|Any CPU
		{124212B4-0A67-4591-997C-515653AED1C3}.Debug|Any CPU.Build.0 = Debug|Any CPU
		{124212B4-0A67-4591-997C-515653AED1C3}.Debug|arm64.ActiveCfg = Debug|Any CPU
		{124212B4-0A67-4591-997C-515653AED1C3}.Debug|arm64.Build.0 = Debug|Any CPU
		{124212B4-0A67-4591-997C-515653AED1C3}.Debug|x86.ActiveCfg = Debug|Any CPU
		{124212B4-0A67-4591-997C-515653AED1C3}.Debug|x86.Build.0 = Debug|Any CPU
		{124212B4-0A67-4591-997C-515653AED1C3}.Release|Any CPU.ActiveCfg = Release|Any CPU
		{124212B4-0A67-4591-997C-515653AED1C3}.Release|Any CPU.Build.0 = Release|Any CPU
		{124212B4-0A67-4591-997C-515653AED1C3}.Release|arm64.ActiveCfg = Release|Any CPU
		{124212B4-0A67-4591-997C-515653AED1C3}.Release|arm64.Build.0 = Release|Any CPU
		{124212B4-0A67-4591-997C-515653AED1C3}.Release|x86.ActiveCfg = Release|Any CPU
		{124212B4-0A67-4591-997C-515653AED1C3}.Release|x86.Build.0 = Release|Any CPU
		{EC0AC985-29E5-4E63-9C4C-772505A0FDC2}.Debug|Any CPU.ActiveCfg = Debug|Any CPU
		{EC0AC985-29E5-4E63-9C4C-772505A0FDC2}.Debug|Any CPU.Build.0 = Debug|Any CPU
		{EC0AC985-29E5-4E63-9C4C-772505A0FDC2}.Debug|arm64.ActiveCfg = Debug|Any CPU
		{EC0AC985-29E5-4E63-9C4C-772505A0FDC2}.Debug|arm64.Build.0 = Debug|Any CPU
		{EC0AC985-29E5-4E63-9C4C-772505A0FDC2}.Debug|x86.ActiveCfg = Debug|Any CPU
		{EC0AC985-29E5-4E63-9C4C-772505A0FDC2}.Debug|x86.Build.0 = Debug|Any CPU
		{EC0AC985-29E5-4E63-9C4C-772505A0FDC2}.Release|Any CPU.ActiveCfg = Release|Any CPU
		{EC0AC985-29E5-4E63-9C4C-772505A0FDC2}.Release|Any CPU.Build.0 = Release|Any CPU
		{EC0AC985-29E5-4E63-9C4C-772505A0FDC2}.Release|arm64.ActiveCfg = Release|Any CPU
		{EC0AC985-29E5-4E63-9C4C-772505A0FDC2}.Release|arm64.Build.0 = Release|Any CPU
		{EC0AC985-29E5-4E63-9C4C-772505A0FDC2}.Release|x86.ActiveCfg = Release|Any CPU
		{EC0AC985-29E5-4E63-9C4C-772505A0FDC2}.Release|x86.Build.0 = Release|Any CPU
		{52EB4E80-DC22-4B36-884D-E2202D0239C8}.Debug|Any CPU.ActiveCfg = Debug|Any CPU
		{52EB4E80-DC22-4B36-884D-E2202D0239C8}.Debug|Any CPU.Build.0 = Debug|Any CPU
		{52EB4E80-DC22-4B36-884D-E2202D0239C8}.Debug|arm64.ActiveCfg = Debug|Any CPU
		{52EB4E80-DC22-4B36-884D-E2202D0239C8}.Debug|arm64.Build.0 = Debug|Any CPU
		{52EB4E80-DC22-4B36-884D-E2202D0239C8}.Debug|x86.ActiveCfg = Debug|Any CPU
		{52EB4E80-DC22-4B36-884D-E2202D0239C8}.Debug|x86.Build.0 = Debug|Any CPU
		{52EB4E80-DC22-4B36-884D-E2202D0239C8}.Release|Any CPU.ActiveCfg = Release|Any CPU
		{52EB4E80-DC22-4B36-884D-E2202D0239C8}.Release|Any CPU.Build.0 = Release|Any CPU
		{52EB4E80-DC22-4B36-884D-E2202D0239C8}.Release|arm64.ActiveCfg = Release|Any CPU
		{52EB4E80-DC22-4B36-884D-E2202D0239C8}.Release|arm64.Build.0 = Release|Any CPU
		{52EB4E80-DC22-4B36-884D-E2202D0239C8}.Release|x86.ActiveCfg = Release|Any CPU
		{52EB4E80-DC22-4B36-884D-E2202D0239C8}.Release|x86.Build.0 = Release|Any CPU
		{24D58C1E-C256-470F-BB9C-5E2A809E4A0D}.Debug|Any CPU.ActiveCfg = Debug|Any CPU
		{24D58C1E-C256-470F-BB9C-5E2A809E4A0D}.Debug|Any CPU.Build.0 = Debug|Any CPU
		{24D58C1E-C256-470F-BB9C-5E2A809E4A0D}.Debug|arm64.ActiveCfg = Debug|Any CPU
		{24D58C1E-C256-470F-BB9C-5E2A809E4A0D}.Debug|arm64.Build.0 = Debug|Any CPU
		{24D58C1E-C256-470F-BB9C-5E2A809E4A0D}.Debug|x86.ActiveCfg = Debug|Any CPU
		{24D58C1E-C256-470F-BB9C-5E2A809E4A0D}.Debug|x86.Build.0 = Debug|Any CPU
		{24D58C1E-C256-470F-BB9C-5E2A809E4A0D}.Release|Any CPU.ActiveCfg = Release|Any CPU
		{24D58C1E-C256-470F-BB9C-5E2A809E4A0D}.Release|Any CPU.Build.0 = Release|Any CPU
		{24D58C1E-C256-470F-BB9C-5E2A809E4A0D}.Release|arm64.ActiveCfg = Release|Any CPU
		{24D58C1E-C256-470F-BB9C-5E2A809E4A0D}.Release|arm64.Build.0 = Release|Any CPU
		{24D58C1E-C256-470F-BB9C-5E2A809E4A0D}.Release|x86.ActiveCfg = Release|Any CPU
		{24D58C1E-C256-470F-BB9C-5E2A809E4A0D}.Release|x86.Build.0 = Release|Any CPU
		{745DDED8-A1DA-46A2-AD28-5223A1265F5E}.Debug|Any CPU.ActiveCfg = Debug|Any CPU
		{745DDED8-A1DA-46A2-AD28-5223A1265F5E}.Debug|Any CPU.Build.0 = Debug|Any CPU
		{745DDED8-A1DA-46A2-AD28-5223A1265F5E}.Debug|arm64.ActiveCfg = Debug|Any CPU
		{745DDED8-A1DA-46A2-AD28-5223A1265F5E}.Debug|arm64.Build.0 = Debug|Any CPU
		{745DDED8-A1DA-46A2-AD28-5223A1265F5E}.Debug|x86.ActiveCfg = Debug|Any CPU
		{745DDED8-A1DA-46A2-AD28-5223A1265F5E}.Debug|x86.Build.0 = Debug|Any CPU
		{745DDED8-A1DA-46A2-AD28-5223A1265F5E}.Release|Any CPU.ActiveCfg = Release|Any CPU
		{745DDED8-A1DA-46A2-AD28-5223A1265F5E}.Release|Any CPU.Build.0 = Release|Any CPU
		{745DDED8-A1DA-46A2-AD28-5223A1265F5E}.Release|arm64.ActiveCfg = Release|Any CPU
		{745DDED8-A1DA-46A2-AD28-5223A1265F5E}.Release|arm64.Build.0 = Release|Any CPU
		{745DDED8-A1DA-46A2-AD28-5223A1265F5E}.Release|x86.ActiveCfg = Release|Any CPU
		{745DDED8-A1DA-46A2-AD28-5223A1265F5E}.Release|x86.Build.0 = Release|Any CPU
	EndGlobalSection
	GlobalSection(SolutionProperties) = preSolution
		HideSolutionNode = FALSE
	EndGlobalSection
	GlobalSection(NestedProjects) = preSolution
		{7E9AF2B5-4B76-490A-9D2F-A78A6B8E427D} = {09761E11-112F-4C2F-A333-90A9E53AD94F}
		{124212B4-0A67-4591-997C-515653AED1C3} = {09761E11-112F-4C2F-A333-90A9E53AD94F}
		{EC0AC985-29E5-4E63-9C4C-772505A0FDC2} = {09761E11-112F-4C2F-A333-90A9E53AD94F}
		{52EB4E80-DC22-4B36-884D-E2202D0239C8} = {09761E11-112F-4C2F-A333-90A9E53AD94F}
		{745DDED8-A1DA-46A2-AD28-5223A1265F5E} = {776091DA-451C-414E-AFCC-D026D9D39AC8}
	EndGlobalSection
	GlobalSection(ExtensibilityGlobals) = postSolution
		SolutionGuid = {50B20E36-112D-42EF-B5E8-9FB6B9EA1306}
	EndGlobalSection
EndGlobal
